
Microsoft Visual Studio Solution File, Format Version 12.00
# Visual Studio Version 17
VisualStudioVersion = 17.2.32526.322
MinimumVisualStudioVersion = 10.0.40219.1
Project("{FAE04EC0-301F-11D3-BF4B-00C04F79EFBC}") = "WebMVC", "WebMVC\WebMVC.csproj", "{3FECB3A7-CC31-43F0-915C-DB26DF3D4343}"
EndProject
Project("{9A19103F-16F7-4668-BE54-9A1E7A4F7556}") = "WebAPI_DB", "WebAPI_DB\WebAPI_DB.csproj", "{8D9B4489-04EA-48DF-A72C-2205A03A74C5}"
EndProject
Global
	GlobalSection(SolutionConfigurationPlatforms) = preSolution
		Debug|Any CPU = Debug|Any CPU
		Release|Any CPU = Release|Any CPU
	EndGlobalSection
	GlobalSection(ProjectConfigurationPlatforms) = postSolution
		{3FECB3A7-CC31-43F0-915C-DB26DF3D4343}.Debug|Any CPU.ActiveCfg = Debug|Any CPU
		{3FECB3A7-CC31-43F0-915C-DB26DF3D4343}.Debug|Any CPU.Build.0 = Debug|Any CPU
		{3FECB3A7-CC31-43F0-915C-DB26DF3D4343}.Release|Any CPU.ActiveCfg = Release|Any CPU
		{3FECB3A7-CC31-43F0-915C-DB26DF3D4343}.Release|Any CPU.Build.0 = Release|Any CPU
		{8D9B4489-04EA-48DF-A72C-2205A03A74C5}.Debug|Any CPU.ActiveCfg = Debug|Any CPU
		{8D9B4489-04EA-48DF-A72C-2205A03A74C5}.Debug|Any CPU.Build.0 = Debug|Any CPU
		{8D9B4489-04EA-48DF-A72C-2205A03A74C5}.Release|Any CPU.ActiveCfg = Release|Any CPU
		{8D9B4489-04EA-48DF-A72C-2205A03A74C5}.Release|Any CPU.Build.0 = Release|Any CPU
	EndGlobalSection
	GlobalSection(SolutionProperties) = preSolution
		HideSolutionNode = FALSE
	EndGlobalSection
	GlobalSection(ExtensibilityGlobals) = postSolution
		SolutionGuid = {5FF00737-32A4-4301-9797-1C6E7FFF4F22}
	EndGlobalSection
EndGlobal
